// !$*UTF8*$!
{
	archiveVersion = 1;
	classes = {
	};
	objectVersion = 46;
	objects = {

/* Begin PBXBuildFile section */
		745A02B81F4020FB0059DA23 /* Forecast.swift in Sources */ = {isa = PBXBuildFile; fileRef = 745A02B71F4020FB0059DA23 /* Forecast.swift */; };
		745A02BB1F4023E80059DA23 /* NSDate.swift in Sources */ = {isa = PBXBuildFile; fileRef = 745A02BA1F4023E80059DA23 /* NSDate.swift */; };
		7488AFC41F3EC3E4004C9062 /* WeatherService.swift in Sources */ = {isa = PBXBuildFile; fileRef = 7488AFC31F3EC3E4004C9062 /* WeatherService.swift */; };
		7499692F1F3F97490097C771 /* CurrentWeather.swift in Sources */ = {isa = PBXBuildFile; fileRef = 7499692E1F3F97490097C771 /* CurrentWeather.swift */; };
		74B6BFD71F3E21FC00ADC3EE /* AppDelegate.swift in Sources */ = {isa = PBXBuildFile; fileRef = 74B6BFD61F3E21FC00ADC3EE /* AppDelegate.swift */; };
		74B6BFD91F3E21FC00ADC3EE /* WeatherVC.swift in Sources */ = {isa = PBXBuildFile; fileRef = 74B6BFD81F3E21FC00ADC3EE /* WeatherVC.swift */; };
		74B6BFDB1F3E21FC00ADC3EE /* Assets.xcassets in Resources */ = {isa = PBXBuildFile; fileRef = 74B6BFDA1F3E21FC00ADC3EE /* Assets.xcassets */; };
		74B6BFDE1F3E21FD00ADC3EE /* Main.storyboard in Resources */ = {isa = PBXBuildFile; fileRef = 74B6BFDC1F3E21FD00ADC3EE /* Main.storyboard */; };
		74B6BFEA1F3E5AD100ADC3EE /* WeatherCell.xib in Resources */ = {isa = PBXBuildFile; fileRef = 74B6BFE91F3E5AD100ADC3EE /* WeatherCell.xib */; };
		74B6BFEC1F3E5B1300ADC3EE /* WeatherCell.swift in Sources */ = {isa = PBXBuildFile; fileRef = 74B6BFEB1F3E5B1300ADC3EE /* WeatherCell.swift */; };
		74B6BFEF1F3E670900ADC3EE /* Constants.swift in Sources */ = {isa = PBXBuildFile; fileRef = 74B6BFEE1F3E670900ADC3EE /* Constants.swift */; };
		D376B5DC601B82F0A8764A85 /* Pods_Weathered.framework in Frameworks */ = {isa = PBXBuildFile; fileRef = 1DF8192C4A6F154388DBAAD6 /* Pods_Weathered.framework */; };
/* End PBXBuildFile section */

/* Begin PBXFileReference section */
		1DF8192C4A6F154388DBAAD6 /* Pods_Weathered.framework */ = {isa = PBXFileReference; explicitFileType = wrapper.framework; includeInIndex = 0; path = Pods_Weathered.framework; sourceTree = BUILT_PRODUCTS_DIR; };
		43BB0D79349DDD75D75AF47B /* Pods-Weathered.release.xcconfig */ = {isa = PBXFileReference; includeInIndex = 1; lastKnownFileType = text.xcconfig; name = "Pods-Weathered.release.xcconfig"; path = "Pods/Target Support Files/Pods-Weathered/Pods-Weathered.release.xcconfig"; sourceTree = "<group>"; };
		745A02B71F4020FB0059DA23 /* Forecast.swift */ = {isa = PBXFileReference; fileEncoding = 4; lastKnownFileType = sourcecode.swift; path = Forecast.swift; sourceTree = "<group>"; };
		745A02BA1F4023E80059DA23 /* NSDate.swift */ = {isa = PBXFileReference; fileEncoding = 4; lastKnownFileType = sourcecode.swift; path = NSDate.swift; sourceTree = "<group>"; };
		7488AFC31F3EC3E4004C9062 /* WeatherService.swift */ = {isa = PBXFileReference; fileEncoding = 4; lastKnownFileType = sourcecode.swift; path = WeatherService.swift; sourceTree = "<group>"; };
		7499692E1F3F97490097C771 /* CurrentWeather.swift */ = {isa = PBXFileReference; fileEncoding = 4; lastKnownFileType = sourcecode.swift; path = CurrentWeather.swift; sourceTree = "<group>"; };
		74B6BFD31F3E21FC00ADC3EE /* Weathered.app */ = {isa = PBXFileReference; explicitFileType = wrapper.application; includeInIndex = 0; path = Weathered.app; sourceTree = BUILT_PRODUCTS_DIR; };
		74B6BFD61F3E21FC00ADC3EE /* AppDelegate.swift */ = {isa = PBXFileReference; lastKnownFileType = sourcecode.swift; path = AppDelegate.swift; sourceTree = "<group>"; };
		74B6BFD81F3E21FC00ADC3EE /* WeatherVC.swift */ = {isa = PBXFileReference; lastKnownFileType = sourcecode.swift; path = WeatherVC.swift; sourceTree = "<group>"; };
		74B6BFDA1F3E21FC00ADC3EE /* Assets.xcassets */ = {isa = PBXFileReference; lastKnownFileType = folder.assetcatalog; path = Assets.xcassets; sourceTree = "<group>"; };
		74B6BFDD1F3E21FD00ADC3EE /* Base */ = {isa = PBXFileReference; lastKnownFileType = file.storyboard; name = Base; path = Base.lproj/Main.storyboard; sourceTree = "<group>"; };
		74B6BFDF1F3E21FD00ADC3EE /* Info.plist */ = {isa = PBXFileReference; lastKnownFileType = text.plist.xml; path = Info.plist; sourceTree = "<group>"; };
		74B6BFE91F3E5AD100ADC3EE /* WeatherCell.xib */ = {isa = PBXFileReference; fileEncoding = 4; lastKnownFileType = file.xib; path = WeatherCell.xib; sourceTree = "<group>"; };
		74B6BFEB1F3E5B1300ADC3EE /* WeatherCell.swift */ = {isa = PBXFileReference; fileEncoding = 4; lastKnownFileType = sourcecode.swift; path = WeatherCell.swift; sourceTree = "<group>"; };
		74B6BFEE1F3E670900ADC3EE /* Constants.swift */ = {isa = PBXFileReference; fileEncoding = 4; lastKnownFileType = sourcecode.swift; path = Constants.swift; sourceTree = "<group>"; };
		9558FB5A4D860A95E20FE56C /* Pods-Weathered.debug.xcconfig */ = {isa = PBXFileReference; includeInIndex = 1; lastKnownFileType = text.xcconfig; name = "Pods-Weathered.debug.xcconfig"; path = "Pods/Target Support Files/Pods-Weathered/Pods-Weathered.debug.xcconfig"; sourceTree = "<group>"; };
/* End PBXFileReference section */

/* Begin PBXFrameworksBuildPhase section */
		74B6BFD01F3E21FC00ADC3EE /* Frameworks */ = {
			isa = PBXFrameworksBuildPhase;
			buildActionMask = 2147483647;
			files = (
				D376B5DC601B82F0A8764A85 /* Pods_Weathered.framework in Frameworks */,
			);
			runOnlyForDeploymentPostprocessing = 0;
		};
/* End PBXFrameworksBuildPhase section */

/* Begin PBXGroup section */
		56460DFF566C9CEBB65F71EC /* Pods */ = {
			isa = PBXGroup;
			children = (
				9558FB5A4D860A95E20FE56C /* Pods-Weathered.debug.xcconfig */,
				43BB0D79349DDD75D75AF47B /* Pods-Weathered.release.xcconfig */,
			);
			name = Pods;
			sourceTree = "<group>";
		};
		685F6E2927EE0B891B302A1A /* Frameworks */ = {
			isa = PBXGroup;
			children = (
				1DF8192C4A6F154388DBAAD6 /* Pods_Weathered.framework */,
			);
			name = Frameworks;
			sourceTree = "<group>";
		};
		745A02B91F4023D00059DA23 /* Extensions */ = {
			isa = PBXGroup;
			children = (
				745A02BA1F4023E80059DA23 /* NSDate.swift */,
			);
			name = Extensions;
			sourceTree = "<group>";
		};
		7488AFC21F3EC3BF004C9062 /* Services */ = {
			isa = PBXGroup;
			children = (
				7488AFC31F3EC3E4004C9062 /* WeatherService.swift */,
			);
			name = Services;
			sourceTree = "<group>";
		};
		74B6BFCA1F3E21FC00ADC3EE = {
			isa = PBXGroup;
			children = (
				74B6BFD51F3E21FC00ADC3EE /* Weathered */,
				74B6BFD41F3E21FC00ADC3EE /* Products */,
				56460DFF566C9CEBB65F71EC /* Pods */,
				685F6E2927EE0B891B302A1A /* Frameworks */,
			);
			sourceTree = "<group>";
		};
		74B6BFD41F3E21FC00ADC3EE /* Products */ = {
			isa = PBXGroup;
			children = (
				74B6BFD31F3E21FC00ADC3EE /* Weathered.app */,
			);
			name = Products;
			sourceTree = "<group>";
		};
		74B6BFD51F3E21FC00ADC3EE /* Weathered */ = {
			isa = PBXGroup;
			children = (
				745A02B91F4023D00059DA23 /* Extensions */,
				7488AFC21F3EC3BF004C9062 /* Services */,
				74B6BFED1F3E66EB00ADC3EE /* Utilities */,
				74B6BFE81F3E5AAA00ADC3EE /* Xibs */,
				74B6BFE71F3E5A9B00ADC3EE /* Controller */,
				74B6BFE61F3E5A9100ADC3EE /* View */,
				74B6BFE51F3E5A8800ADC3EE /* Model */,
				74B6BFD61F3E21FC00ADC3EE /* AppDelegate.swift */,
				74B6BFDA1F3E21FC00ADC3EE /* Assets.xcassets */,
				74B6BFDC1F3E21FD00ADC3EE /* Main.storyboard */,
				74B6BFDF1F3E21FD00ADC3EE /* Info.plist */,
			);
			path = Weathered;
			sourceTree = "<group>";
		};
		74B6BFE51F3E5A8800ADC3EE /* Model */ = {
			isa = PBXGroup;
			children = (
				7499692E1F3F97490097C771 /* CurrentWeather.swift */,
				745A02B71F4020FB0059DA23 /* Forecast.swift */,
			);
			name = Model;
			sourceTree = "<group>";
		};
		74B6BFE61F3E5A9100ADC3EE /* View */ = {
			isa = PBXGroup;
			children = (
				74B6BFEB1F3E5B1300ADC3EE /* WeatherCell.swift */,
			);
			name = View;
			sourceTree = "<group>";
		};
		74B6BFE71F3E5A9B00ADC3EE /* Controller */ = {
			isa = PBXGroup;
			children = (
				74B6BFD81F3E21FC00ADC3EE /* WeatherVC.swift */,
			);
			name = Controller;
			sourceTree = "<group>";
		};
		74B6BFE81F3E5AAA00ADC3EE /* Xibs */ = {
			isa = PBXGroup;
			children = (
				74B6BFE91F3E5AD100ADC3EE /* WeatherCell.xib */,
			);
			name = Xibs;
			sourceTree = "<group>";
		};
		74B6BFED1F3E66EB00ADC3EE /* Utilities */ = {
			isa = PBXGroup;
			children = (
				74B6BFEE1F3E670900ADC3EE /* Constants.swift */,
			);
			name = Utilities;
			sourceTree = "<group>";
		};
/* End PBXGroup section */

/* Begin PBXNativeTarget section */
		74B6BFD21F3E21FC00ADC3EE /* Weathered */ = {
			isa = PBXNativeTarget;
			buildConfigurationList = 74B6BFE21F3E21FD00ADC3EE /* Build configuration list for PBXNativeTarget "Weathered" */;
			buildPhases = (
				91A6B9CC9133C6EAA715FCB3 /* [CP] Check Pods Manifest.lock */,
				74B6BFCF1F3E21FC00ADC3EE /* Sources */,
				74B6BFD01F3E21FC00ADC3EE /* Frameworks */,
				74B6BFD11F3E21FC00ADC3EE /* Resources */,
				1F2192C6C67A481E94A4802B /* [CP] Embed Pods Frameworks */,
				80CD3490D13403477C546F2A /* [CP] Copy Pods Resources */,
			);
			buildRules = (
			);
			dependencies = (
			);
			name = Weathered;
			productName = Weathered;
			productReference = 74B6BFD31F3E21FC00ADC3EE /* Weathered.app */;
			productType = "com.apple.product-type.application";
		};
/* End PBXNativeTarget section */

/* Begin PBXProject section */
		74B6BFCB1F3E21FC00ADC3EE /* Project object */ = {
			isa = PBXProject;
			attributes = {
				LastSwiftUpdateCheck = 0830;
				LastUpgradeCheck = 0830;
				ORGANIZATIONNAME = Swiftbeard;
				TargetAttributes = {
					74B6BFD21F3E21FC00ADC3EE = {
						CreatedOnToolsVersion = 8.3.3;
						DevelopmentTeam = BXEL354SU6;
						ProvisioningStyle = Automatic;
					};
				};
			};
			buildConfigurationList = 74B6BFCE1F3E21FC00ADC3EE /* Build configuration list for PBXProject "Weathered" */;
			compatibilityVersion = "Xcode 3.2";
			developmentRegion = English;
			hasScannedForEncodings = 0;
			knownRegions = (
				en,
				Base,
			);
			mainGroup = 74B6BFCA1F3E21FC00ADC3EE;
			productRefGroup = 74B6BFD41F3E21FC00ADC3EE /* Products */;
			projectDirPath = "";
			projectRoot = "";
			targets = (
				74B6BFD21F3E21FC00ADC3EE /* Weathered */,
			);
		};
/* End PBXProject section */

/* Begin PBXResourcesBuildPhase section */
		74B6BFD11F3E21FC00ADC3EE /* Resources */ = {
			isa = PBXResourcesBuildPhase;
			buildActionMask = 2147483647;
			files = (
				74B6BFDB1F3E21FC00ADC3EE /* Assets.xcassets in Resources */,
				74B6BFDE1F3E21FD00ADC3EE /* Main.storyboard in Resources */,
				74B6BFEA1F3E5AD100ADC3EE /* WeatherCell.xib in Resources */,
			);
			runOnlyForDeploymentPostprocessing = 0;
		};
/* End PBXResourcesBuildPhase section */

/* Begin PBXShellScriptBuildPhase section */
		1F2192C6C67A481E94A4802B /* [CP] Embed Pods Frameworks */ = {
			isa = PBXShellScriptBuildPhase;
			buildActionMask = 2147483647;
			files = (
			);
			inputPaths = (
			);
			name = "[CP] Embed Pods Frameworks";
			outputPaths = (
			);
			runOnlyForDeploymentPostprocessing = 0;
			shellPath = /bin/sh;
			shellScript = "\"${SRCROOT}/Pods/Target Support Files/Pods-Weathered/Pods-Weathered-frameworks.sh\"\n";
			showEnvVarsInLog = 0;
		};
		80CD3490D13403477C546F2A /* [CP] Copy Pods Resources */ = {
			isa = PBXShellScriptBuildPhase;
			buildActionMask = 2147483647;
			files = (
			);
			inputPaths = (
			);
			name = "[CP] Copy Pods Resources";
			outputPaths = (
			);
			runOnlyForDeploymentPostprocessing = 0;
			shellPath = /bin/sh;
			shellScript = "\"${SRCROOT}/Pods/Target Support Files/Pods-Weathered/Pods-Weathered-resources.sh\"\n";
			showEnvVarsInLog = 0;
		};
		91A6B9CC9133C6EAA715FCB3 /* [CP] Check Pods Manifest.lock */ = {
			isa = PBXShellScriptBuildPhase;
			buildActionMask = 2147483647;
			files = (
			);
			inputPaths = (
			);
			name = "[CP] Check Pods Manifest.lock";
			outputPaths = (
			);
			runOnlyForDeploymentPostprocessing = 0;
			shellPath = /bin/sh;
			shellScript = "diff \"${PODS_PODFILE_DIR_PATH}/Podfile.lock\" \"${PODS_ROOT}/Manifest.lock\" > /dev/null\nif [ $? != 0 ] ; then\n    # print error to STDERR\n    echo \"error: The sandbox is not in sync with the Podfile.lock. Run 'pod install' or update your CocoaPods installation.\" >&2\n    exit 1\nfi\n";
			showEnvVarsInLog = 0;
		};
/* End PBXShellScriptBuildPhase section */

/* Begin PBXSourcesBuildPhase section */
		74B6BFCF1F3E21FC00ADC3EE /* Sources */ = {
			isa = PBXSourcesBuildPhase;
			buildActionMask = 2147483647;
			files = (
				7488AFC41F3EC3E4004C9062 /* WeatherService.swift in Sources */,
				74B6BFD91F3E21FC00ADC3EE /* WeatherVC.swift in Sources */,
				745A02B81F4020FB0059DA23 /* Forecast.swift in Sources */,
				74B6BFD71F3E21FC00ADC3EE /* AppDelegate.swift in Sources */,
				74B6BFEC1F3E5B1300ADC3EE /* WeatherCell.swift in Sources */,
				7499692F1F3F97490097C771 /* CurrentWeather.swift in Sources */,
				745A02BB1F4023E80059DA23 /* NSDate.swift in Sources */,
				74B6BFEF1F3E670900ADC3EE /* Constants.swift in Sources */,
			);
			runOnlyForDeploymentPostprocessing = 0;
		};
/* End PBXSourcesBuildPhase section */

/* Begin PBXVariantGroup section */
		74B6BFDC1F3E21FD00ADC3EE /* Main.storyboard */ = {
			isa = PBXVariantGroup;
			children = (
				74B6BFDD1F3E21FD00ADC3EE /* Base */,
			);
			name = Main.storyboard;
			sourceTree = "<group>";
		};
/* End PBXVariantGroup section */

/* Begin XCBuildConfiguration section */
		74B6BFE01F3E21FD00ADC3EE /* Debug */ = {
			isa = XCBuildConfiguration;
			buildSettings = {
				ALWAYS_SEARCH_USER_PATHS = NO;
				CLANG_ANALYZER_NONNULL = YES;
				CLANG_ANALYZER_NUMBER_OBJECT_CONVERSION = YES_AGGRESSIVE;
				CLANG_CXX_LANGUAGE_STANDARD = "gnu++0x";
				CLANG_CXX_LIBRARY = "libc++";
				CLANG_ENABLE_MODULES = YES;
				CLANG_ENABLE_OBJC_ARC = YES;
				CLANG_WARN_BOOL_CONVERSION = YES;
				CLANG_WARN_CONSTANT_CONVERSION = YES;
				CLANG_WARN_DIRECT_OBJC_ISA_USAGE = YES_ERROR;
				CLANG_WARN_DOCUMENTATION_COMMENTS = YES;
				CLANG_WARN_EMPTY_BODY = YES;
				CLANG_WARN_ENUM_CONVERSION = YES;
				CLANG_WARN_INFINITE_RECURSION = YES;
				CLANG_WARN_INT_CONVERSION = YES;
				CLANG_WARN_OBJC_ROOT_CLASS = YES_ERROR;
				CLANG_WARN_SUSPICIOUS_MOVE = YES;
				CLANG_WARN_UNREACHABLE_CODE = YES;
				CLANG_WARN__DUPLICATE_METHOD_MATCH = YES;
				CODE_SIGN_IDENTITY = "-";
				COPY_PHASE_STRIP = NO;
				DEBUG_INFORMATION_FORMAT = dwarf;
				ENABLE_STRICT_OBJC_MSGSEND = YES;
				ENABLE_TESTABILITY = YES;
				GCC_C_LANGUAGE_STANDARD = gnu99;
				GCC_DYNAMIC_NO_PIC = NO;
				GCC_NO_COMMON_BLOCKS = YES;
				GCC_OPTIMIZATION_LEVEL = 0;
				GCC_PREPROCESSOR_DEFINITIONS = (
					"DEBUG=1",
					"$(inherited)",
				);
				GCC_WARN_64_TO_32_BIT_CONVERSION = YES;
				GCC_WARN_ABOUT_RETURN_TYPE = YES_ERROR;
				GCC_WARN_UNDECLARED_SELECTOR = YES;
				GCC_WARN_UNINITIALIZED_AUTOS = YES_AGGRESSIVE;
				GCC_WARN_UNUSED_FUNCTION = YES;
				GCC_WARN_UNUSED_VARIABLE = YES;
				MACOSX_DEPLOYMENT_TARGET = 10.12;
				MTL_ENABLE_DEBUG_INFO = YES;
				ONLY_ACTIVE_ARCH = YES;
				SDKROOT = macosx;
				SWIFT_ACTIVE_COMPILATION_CONDITIONS = DEBUG;
				SWIFT_OPTIMIZATION_LEVEL = "-Onone";
			};
			name = Debug;
		};
		74B6BFE11F3E21FD00ADC3EE /* Release */ = {
			isa = XCBuildConfiguration;
			buildSettings = {
				ALWAYS_SEARCH_USER_PATHS = NO;
				CLANG_ANALYZER_NONNULL = YES;
				CLANG_ANALYZER_NUMBER_OBJECT_CONVERSION = YES_AGGRESSIVE;
				CLANG_CXX_LANGUAGE_STANDARD = "gnu++0x";
				CLANG_CXX_LIBRARY = "libc++";
				CLANG_ENABLE_MODULES = YES;
				CLANG_ENABLE_OBJC_ARC = YES;
				CLANG_WARN_BOOL_CONVERSION = YES;
				CLANG_WARN_CONSTANT_CONVERSION = YES;
				CLANG_WARN_DIRECT_OBJC_ISA_USAGE = YES_ERROR;
				CLANG_WARN_DOCUMENTATION_COMMENTS = YES;
				CLANG_WARN_EMPTY_BODY = YES;
				CLANG_WARN_ENUM_CONVERSION = YES;
				CLANG_WARN_INFINITE_RECURSION = YES;
				CLANG_WARN_INT_CONVERSION = YES;
				CLANG_WARN_OBJC_ROOT_CLASS = YES_ERROR;
				CLANG_WARN_SUSPICIOUS_MOVE = YES;
				CLANG_WARN_UNREACHABLE_CODE = YES;
				CLANG_WARN__DUPLICATE_METHOD_MATCH = YES;
				CODE_SIGN_IDENTITY = "-";
				COPY_PHASE_STRIP = NO;
				DEBUG_INFORMATION_FORMAT = "dwarf-with-dsym";
				ENABLE_NS_ASSERTIONS = NO;
				ENABLE_STRICT_OBJC_MSGSEND = YES;
				GCC_C_LANGUAGE_STANDARD = gnu99;
				GCC_NO_COMMON_BLOCKS = YES;
				GCC_WARN_64_TO_32_BIT_CONVERSION = YES;
				GCC_WARN_ABOUT_RETURN_TYPE = YES_ERROR;
				GCC_WARN_UNDECLARED_SELECTOR = YES;
				GCC_WARN_UNINITIALIZED_AUTOS = YES_AGGRESSIVE;
				GCC_WARN_UNUSED_FUNCTION = YES;
				GCC_WARN_UNUSED_VARIABLE = YES;
				MACOSX_DEPLOYMENT_TARGET = 10.12;
				MTL_ENABLE_DEBUG_INFO = NO;
				SDKROOT = macosx;
				SWIFT_OPTIMIZATION_LEVEL = "-Owholemodule";
			};
			name = Release;
		};
		74B6BFE31F3E21FD00ADC3EE /* Debug */ = {
			isa = XCBuildConfiguration;
			baseConfigurationReference = 9558FB5A4D860A95E20FE56C /* Pods-Weathered.debug.xcconfig */;
			buildSettings = {
				ASSETCATALOG_COMPILER_APPICON_NAME = AppIcon;
				COMBINE_HIDPI_IMAGES = YES;
				DEVELOPMENT_TEAM = BXEL354SU6;
				INFOPLIST_FILE = Weathered/Info.plist;
				LD_RUNPATH_SEARCH_PATHS = "$(inherited) @executable_path/../Frameworks";
				PRODUCT_BUNDLE_IDENTIFIER = com.swiftbeard.Weathered;
				PRODUCT_NAME = "$(TARGET_NAME)";
				SWIFT_VERSION = 3.0;
			};
			name = Debug;
		};
		74B6BFE41F3E21FD00ADC3EE /* Release */ = {
			isa = XCBuildConfiguration;
			baseConfigurationReference = 43BB0D79349DDD75D75AF47B /* Pods-Weathered.release.xcconfig */;
			buildSettings = {
				ASSETCATALOG_COMPILER_APPICON_NAME = AppIcon;
				COMBINE_HIDPI_IMAGES = YES;
				DEVELOPMENT_TEAM = BXEL354SU6;
				INFOPLIST_FILE = Weathered/Info.plist;
				LD_RUNPATH_SEARCH_PATHS = "$(inherited) @executable_path/../Frameworks";
				PRODUCT_BUNDLE_IDENTIFIER = com.swiftbeard.Weathered;
				PRODUCT_NAME = "$(TARGET_NAME)";
				SWIFT_VERSION = 3.0;
			};
			name = Release;
		};
/* End XCBuildConfiguration section */

/* Begin XCConfigurationList section */
		74B6BFCE1F3E21FC00ADC3EE /* Build configuration list for PBXProject "Weathered" */ = {
			isa = XCConfigurationList;
			buildConfigurations = (
				74B6BFE01F3E21FD00ADC3EE /* Debug */,
				74B6BFE11F3E21FD00ADC3EE /* Release */,
			);
			defaultConfigurationIsVisible = 0;
			defaultConfigurationName = Release;
		};
		74B6BFE21F3E21FD00ADC3EE /* Build configuration list for PBXNativeTarget "Weathered" */ = {
			isa = XCConfigurationList;
			buildConfigurations = (
				74B6BFE31F3E21FD00ADC3EE /* Debug */,
				74B6BFE41F3E21FD00ADC3EE /* Release */,
			);
			defaultConfigurationIsVisible = 0;
			defaultConfigurationName = Release;
		};
/* End XCConfigurationList section */
	};
	rootObject = 74B6BFCB1F3E21FC00ADC3EE /* Project object */;
}
